
Microsoft Visual Studio Solution File, Format Version 12.00
# Visual Studio Version 16
VisualStudioVersion = 16.0.31624.102
MinimumVisualStudioVersion = 10.0.40219.1
Project("{FAE04EC0-301F-11D3-BF4B-00C04F79EFBC}") = "ReactBookmarksAuth.Web", "ReactBookmarksAuth.Web\ReactBookmarksAuth.Web.csproj", "{F2404516-F357-4A2D-A53D-8DF6696BA911}"
EndProject
Project("{FAE04EC0-301F-11D3-BF4B-00C04F79EFBC}") = "ReactBookmarksAuth.Data", "ReactBookmarksAuth.Data\ReactBookmarksAuth.Data.csproj", "{775EAF45-D579-489B-BEA9-E2C6ABA70904}"
EndProject
Global
	GlobalSection(SolutionConfigurationPlatforms) = preSolution
		Debug|Any CPU = Debug|Any CPU
		Release|Any CPU = Release|Any CPU
	EndGlobalSection
	GlobalSection(ProjectConfigurationPlatforms) = postSolution
		{F2404516-F357-4A2D-A53D-8DF6696BA911}.Debug|Any CPU.ActiveCfg = Debug|Any CPU
		{F2404516-F357-4A2D-A53D-8DF6696BA911}.Debug|Any CPU.Build.0 = Debug|Any CPU
		{F2404516-F357-4A2D-A53D-8DF6696BA911}.Release|Any CPU.ActiveCfg = Release|Any CPU
		{F2404516-F357-4A2D-A53D-8DF6696BA911}.Release|Any CPU.Build.0 = Release|Any CPU
		{775EAF45-D579-489B-BEA9-E2C6ABA70904}.Debug|Any CPU.ActiveCfg = Debug|Any CPU
		{775EAF45-D579-489B-BEA9-E2C6ABA70904}.Debug|Any CPU.Build.0 = Debug|Any CPU
		{775EAF45-D579-489B-BEA9-E2C6ABA70904}.Release|Any CPU.ActiveCfg = Release|Any CPU
		{775EAF45-D579-489B-BEA9-E2C6ABA70904}.Release|Any CPU.Build.0 = Release|Any CPU
	EndGlobalSection
	GlobalSection(SolutionProperties) = preSolution
		HideSolutionNode = FALSE
	EndGlobalSection
	GlobalSection(ExtensibilityGlobals) = postSolution
		SolutionGuid = {7AF73A7E-CD13-4669-92DB-78511633784F}
	EndGlobalSection
EndGlobal
